{
  "nodes": {
    "nixpkgs": {
      "locked": {
        "lastModified": 1762936922,
        "narHash": "sha256-nvmRagtTjmGiGoll6NC5c0E5a+DXtJO57SsTV2lQDvw=",
        "type": "tarball",
        "url": "https://mirrors.ustc.edu.cn/nix-channels/nixos-unstable/nixexprs.tar.xz"
      },
      "original": {
        "type": "tarball",
        "url": "https://mirrors.ustc.edu.cn/nix-channels/nixos-unstable/nixexprs.tar.xz"
      }
    },
    "root": {
      "inputs": {
        "nixpkgs": "nixpkgs"
      }
    }
  },
  "root": "root",
  "version": 7
}
